
Microsoft Visual Studio Solution File, Format Version 12.00
# Visual Studio Version 17
VisualStudioVersion = 17.5.33516.290
MinimumVisualStudioVersion = 10.0.40219.1
Project("{FAE04EC0-301F-11D3-BF4B-00C04F79EFBC}") = "AtualizacaoSalario", "AtualizacaoSalario\AtualizacaoSalario.csproj", "{259DA9B2-2409-4C50-A8C7-125B12043A19}"
EndProject
Global
	GlobalSection(SolutionConfigurationPlatforms) = preSolution
		Debug|Any CPU = Debug|Any CPU
		Release|Any CPU = Release|Any CPU
	EndGlobalSection
	GlobalSection(ProjectConfigurationPlatforms) = postSolution
		{259DA9B2-2409-4C50-A8C7-125B12043A19}.Debug|Any CPU.ActiveCfg = Debug|Any CPU
		{259DA9B2-2409-4C50-A8C7-125B12043A19}.Debug|Any CPU.Build.0 = Debug|Any CPU
		{259DA9B2-2409-4C50-A8C7-125B12043A19}.Release|Any CPU.ActiveCfg = Release|Any CPU
		{259DA9B2-2409-4C50-A8C7-125B12043A19}.Release|Any CPU.Build.0 = Release|Any CPU
	EndGlobalSection
	GlobalSection(SolutionProperties) = preSolution
		HideSolutionNode = FALSE
	EndGlobalSection
	GlobalSection(ExtensibilityGlobals) = postSolution
		SolutionGuid = {C90B3A43-A7CF-4809-B27E-00CAE2F41451}
	EndGlobalSection
EndGlobal
